<?xml version="1.0" encoding="utf-8"?>
<Project ToolsVersion="4.0" xmlns="http://schemas.microsoft.com/developer/msbuild/2003">
  <ItemGroup>
    <None Include="shaders\Compute\shader.comp">
      <Filter>Shaders\Compute</Filter>
    </None>
    <None Include="shaders\Deferred\composition.vert">
      <Filter>Shaders\Deferred</Filter>
    </None>
    <None Include="shaders\Deferred\composition.frag">
      <Filter>Shaders\Deferred</Filter>
    </None>
    <None Include="shaders\Deferred\gBuffer.frag">
      <Filter>Shaders\Deferred</Filter>
    </None>
    <None Include="shaders\Deferred\gBuffer.vert">
      <Filter>Shaders\Deferred</Filter>
    </None>
    <None Include="shaders\GUI\shaderGUI.frag">
      <Filter>Shaders\GUI</Filter>
    </None>
    <None Include="shaders\GUI\shaderGUI.vert">
      <Filter>Shaders\GUI</Filter>
    </None>
    <None Include="shaders\MotionBlur\motionBlur.frag">
      <Filter>Shaders\MotionBlur</Filter>
    </None>
    <None Include="shaders\MotionBlur\motionBlur.vert">
      <Filter>Shaders\MotionBlur</Filter>
    </None>
    <None Include="shaders\Shadows\shaderShadows.vert">
      <Filter>Shaders\Shadows</Filter>
    </None>
    <None Include="shaders\SkyBox\shaderSkyBox.frag">
      <Filter>Shaders\SkyBox</Filter>
    </None>
    <None Include="shaders\SkyBox\shaderSkyBox.vert">
      <Filter>Shaders\SkyBox</Filter>
    </None>
    <None Include="shaders\SSAO\ssao.frag">
      <Filter>Shaders\SSAO</Filter>
    </None>
    <None Include="shaders\SSAO\ssao.vert">
      <Filter>Shaders\SSAO</Filter>
    </None>
    <None Include="shaders\SSAO\ssaoBlur.frag">
      <Filter>Shaders\SSAO</Filter>
    </None>
    <None Include="shaders\SSAO\ssaoBlur.vert">
      <Filter>Shaders\SSAO</Filter>
    </None>
    <None Include="shaders\SSR\ssr.frag">
      <Filter>Shaders\SSR</Filter>
    </None>
    <None Include="shaders\SSR\ssr.vert">
      <Filter>Shaders\SSR</Filter>
    </None>
    <None Include="shaders\Terrain\shaderTerrain.frag">
      <Filter>Shaders\Terrain</Filter>
    </None>
    <None Include="shaders\Terrain\shaderTerrain.vert">
      <Filter>Shaders\Terrain</Filter>
    </None>
  </ItemGroup>
  <ItemGroup>
    <ClInclude Include="Code\Buffer\Buffer.h">
      <Filter>Code\Buffer</Filter>
    </ClInclude>
    <ClInclude Include="Code\Camera\Camera.h">
      <Filter>Code\Camera</Filter>
    </ClInclude>
    <ClInclude Include="Code\Compute\Compute.h">
      <Filter>Code\Compute</Filter>
    </ClInclude>
    <ClInclude Include="Code\Console\Console.h">
      <Filter>Code\Console</Filter>
    </ClInclude>
    <ClInclude Include="Code\Context\Context.h">
      <Filter>Code\Context</Filter>
    </ClInclude>
    <ClInclude Include="Code\Deferred\Deferred.h">
      <Filter>Code\Deferred</Filter>
    </ClInclude>
    <ClInclude Include="Code\GUI\GUI.h">
      <Filter>Code\GUI</Filter>
    </ClInclude>
    <ClInclude Include="Code\Image\Image.h">
      <Filter>Code\Image</Filter>
    </ClInclude>
    <ClInclude Include="Code\Light\Light.h">
      <Filter>Code\Light</Filter>
    </ClInclude>
    <ClInclude Include="Code\Math\Math.h">
      <Filter>Code\Math</Filter>
    </ClInclude>
    <ClInclude Include="Code\Mesh\Mesh.h">
      <Filter>Code\Mesh</Filter>
    </ClInclude>
    <ClInclude Include="Code\Model\Model.h">
      <Filter>Code\Model</Filter>
    </ClInclude>
    <ClInclude Include="Code\MotionBlur\MotionBlur.h">
      <Filter>Code\MotionBlur</Filter>
    </ClInclude>
    <ClInclude Include="Code\Node\Node.h">
      <Filter>Code\Node</Filter>
    </ClInclude>
    <ClInclude Include="Code\Object\Object.h">
      <Filter>Code\Object</Filter>
    </ClInclude>
    <ClInclude Include="Code\Pipeline\Pipeline.h">
      <Filter>Code\Pipeline</Filter>
    </ClInclude>
    <ClInclude Include="Code\Queue\Queue.h">
      <Filter>Code\Queue</Filter>
    </ClInclude>
    <ClInclude Include="Code\Renderer\Renderer.h">
      <Filter>Code\Renderer</Filter>
    </ClInclude>
    <ClInclude Include="Code\Shadows\Shadows.h">
      <Filter>Code\Shadows</Filter>
    </ClInclude>
    <ClInclude Include="Code\Skybox\Skybox.h">
      <Filter>Code\Skybox</Filter>
    </ClInclude>
    <ClInclude Include="Code\SSAO\SSAO.h">
      <Filter>Code\SSAO</Filter>
    </ClInclude>
    <ClInclude Include="Code\SSR\SSR.h">
      <Filter>Code\SSR</Filter>
    </ClInclude>
    <ClInclude Include="Code\Surface\Surface.h">
      <Filter>Code\Surface</Filter>
    </ClInclude>
    <ClInclude Include="Code\Swapchain\Swapchain.h">
      <Filter>Code\Swapchain</Filter>
    </ClInclude>
    <ClInclude Include="Code\Terrain\Terrain.h">
      <Filter>Code\Terrain</Filter>
    </ClInclude>
    <ClInclude Include="Code\Timer\Timer.h">
      <Filter>Code\Timer</Filter>
    </ClInclude>
    <ClInclude Include="Code\Vertex\Vertex.h">
      <Filter>Code\Vertex</Filter>
    </ClInclude>
    <ClInclude Include="Code\VulkanContext\VulkanContext.h">
      <Filter>Code\VulkanContext</Filter>
    </ClInclude>
    <ClInclude Include="Code\Window\Window.h">
      <Filter>Code\Window</Filter>
    </ClInclude>
    <ClInclude Include="Code\Material\Material.h">
      <Filter>Code\Material</Filter>
    </ClInclude>
    <ClInclude Include="Code\Metrics\Metrics.h">
      <Filter>Code\Metrics</Filter>
    </ClInclude>
    <ClInclude Include="Code\Script\Script.h">
      <Filter>Code\Script</Filter>
    </ClInclude>
    <ClInclude Include="Code\Event\Event.h">
      <Filter>Code\Event</Filter>
    </ClInclude>
    <ClInclude Include="include\SDL.h">
      <Filter>Include</Filter>
    </ClInclude>
    <ClInclude Include="include\Vulkan.h">
      <Filter>Include</Filter>
    </ClInclude>
    <ClInclude Include="include\tinygltf\json.hpp">
      <Filter>Include</Filter>
    </ClInclude>
    <ClInclude Include="include\tinygltf\stb_image.h">
      <Filter>Include</Filter>
    </ClInclude>
    <ClInclude Include="include\tinygltf\stb_image_write.h">
      <Filter>Include</Filter>
    </ClInclude>
    <ClInclude Include="include\tinygltf\tiny_gltf.h">
      <Filter>Include</Filter>
    </ClInclude>
    <ClInclude Include="include\imgui\imconfig.h">
      <Filter>Include</Filter>
    </ClInclude>
    <ClInclude Include="include\imgui\imgui.h">
      <Filter>Include</Filter>
    </ClInclude>
    <ClInclude Include="include\imgui\imgui_internal.h">
      <Filter>Include</Filter>
    </ClInclude>
    <ClInclude Include="include\imgui\imstb_rectpack.h">
      <Filter>Include</Filter>
    </ClInclude>
    <ClInclude Include="include\imgui\imstb_textedit.h">
      <Filter>Include</Filter>
    </ClInclude>
    <ClInclude Include="include\imgui\imstb_truetype.h">
      <Filter>Include</Filter>
    </ClInclude>
    <ClInclude Include="Code\Model\Animation.h">
      <Filter>Code\Model</Filter>
    </ClInclude>
    <ClInclude Include="shaders\Deferred\Light.h">
      <Filter>Shaders\Deferred</Filter>
    </ClInclude>
    <ClInclude Include="shaders\Deferred\Material.h">
      <Filter>Shaders\Deferred</Filter>
    </ClInclude>
    <ClInclude Include="shaders\Common\common.h">
      <Filter>Shaders\Common</Filter>
    </ClInclude>
  </ItemGroup>
  <ItemGroup>
    <ClCompile Include="Code\Buffer\Buffer.cpp">
      <Filter>Code\Buffer</Filter>
    </ClCompile>
    <ClCompile Include="Code\Camera\Camera.cpp">
      <Filter>Code\Camera</Filter>
    </ClCompile>
    <ClCompile Include="Code\Compute\Compute.cpp">
      <Filter>Code\Compute</Filter>
    </ClCompile>
    <ClCompile Include="Code\Console\Console.cpp">
      <Filter>Code\Console</Filter>
    </ClCompile>
    <ClCompile Include="Code\Context\Context.cpp">
      <Filter>Code\Context</Filter>
    </ClCompile>
    <ClCompile Include="Code\Deferred\Deferred.cpp">
      <Filter>Code\Deferred</Filter>
    </ClCompile>
    <ClCompile Include="Code\GUI\GUI.cpp">
      <Filter>Code\GUI</Filter>
    </ClCompile>
    <ClCompile Include="Code\Image\Image.cpp">
      <Filter>Code\Image</Filter>
    </ClCompile>
    <ClCompile Include="Code\Light\Light.cpp">
      <Filter>Code\Light</Filter>
    </ClCompile>
    <ClCompile Include="Code\Math\Math.cpp">
      <Filter>Code\Math</Filter>
    </ClCompile>
    <ClCompile Include="Code\Mesh\Mesh.cpp">
      <Filter>Code\Mesh</Filter>
    </ClCompile>
    <ClCompile Include="Code\Model\Model.cpp">
      <Filter>Code\Model</Filter>
    </ClCompile>
    <ClCompile Include="Code\MotionBlur\MotionBlur.cpp">
      <Filter>Code\MotionBlur</Filter>
    </ClCompile>
    <ClCompile Include="Code\Node\Node.cpp">
      <Filter>Code\Node</Filter>
    </ClCompile>
    <ClCompile Include="Code\Object\Object.cpp">
      <Filter>Code\Object</Filter>
    </ClCompile>
    <ClCompile Include="Code\Pipeline\Pipeline.cpp">
      <Filter>Code\Pipeline</Filter>
    </ClCompile>
    <ClCompile Include="Code\Queue\Queue.cpp">
      <Filter>Code\Queue</Filter>
    </ClCompile>
    <ClCompile Include="Code\Renderer\Renderer.cpp">
      <Filter>Code\Renderer</Filter>
    </ClCompile>
    <ClCompile Include="Code\Shadows\Shadows.cpp">
      <Filter>Code\Shadows</Filter>
    </ClCompile>
    <ClCompile Include="Code\Skybox\Skybox.cpp">
      <Filter>Code\Skybox</Filter>
    </ClCompile>
    <ClCompile Include="Code\SSAO\SSAO.cpp">
      <Filter>Code\SSAO</Filter>
    </ClCompile>
    <ClCompile Include="Code\SSR\SSR.cpp">
      <Filter>Code\SSR</Filter>
    </ClCompile>
    <ClCompile Include="Code\Swapchain\Swapchain.cpp">
      <Filter>Code\Swapchain</Filter>
    </ClCompile>
    <ClCompile Include="Code\Terrain\Terrain.cpp">
      <Filter>Code\Terrain</Filter>
    </ClCompile>
    <ClCompile Include="Code\Timer\Timer.cpp">
      <Filter>Code\Timer</Filter>
    </ClCompile>
    <ClCompile Include="Code\Vertex\Vertex.cpp">
      <Filter>Code\Vertex</Filter>
    </ClCompile>
    <ClCompile Include="Code\Window\Window.cpp">
      <Filter>Code\Window</Filter>
    </ClCompile>
    <ClCompile Include="main.cpp">
      <Filter>Source</Filter>
    </ClCompile>
    <ClCompile Include="Code\Metrics\Metrics.cpp">
      <Filter>Code\Metrics</Filter>
    </ClCompile>
    <ClCompile Include="Code\Script\Script.cpp">
      <Filter>Code\Script</Filter>
    </ClCompile>
    <ClCompile Include="Code\Event\Event.cpp">
      <Filter>Code\Event</Filter>
    </ClCompile>
    <ClCompile Include="include\tinygltf\stb_image.cpp">
      <Filter>Include</Filter>
    </ClCompile>
    <ClCompile Include="include\tinygltf\stb_image_write.cpp">
      <Filter>Include</Filter>
    </ClCompile>
    <ClCompile Include="include\tinygltf\tiny_gltf.cpp">
      <Filter>Include</Filter>
    </ClCompile>
    <ClCompile Include="include\imgui\imgui.cpp">
      <Filter>Include</Filter>
    </ClCompile>
    <ClCompile Include="include\imgui\imgui_demo.cpp">
      <Filter>Include</Filter>
    </ClCompile>
    <ClCompile Include="include\imgui\imgui_draw.cpp">
      <Filter>Include</Filter>
    </ClCompile>
    <ClCompile Include="include\imgui\imgui_widgets.cpp">
      <Filter>Include</Filter>
    </ClCompile>
    <ClCompile Include="Code\Model\Animation.cpp">
      <Filter>Code\Model</Filter>
    </ClCompile>
  </ItemGroup>
  <ItemGroup>
    <Filter Include="Source">
      <UniqueIdentifier>{926a54e5-7fb8-4380-843e-a500bb718dc3}</UniqueIdentifier>
    </Filter>
    <Filter Include="Shaders">
      <UniqueIdentifier>{538de048-81d6-4f18-822d-bf9941e10043}</UniqueIdentifier>
    </Filter>
    <Filter Include="Code">
      <UniqueIdentifier>{ecd26234-4cc7-45c9-9622-6f7a91e53f60}</UniqueIdentifier>
    </Filter>
    <Filter Include="Code\Buffer">
      <UniqueIdentifier>{6bf5526a-e17e-42c8-be66-32c578a9427f}</UniqueIdentifier>
    </Filter>
    <Filter Include="Code\Camera">
      <UniqueIdentifier>{34da3064-92f5-4c84-a80d-53b65db5bd1c}</UniqueIdentifier>
    </Filter>
    <Filter Include="Code\Compute">
      <UniqueIdentifier>{3c57c093-fb44-4050-8634-fb028ba94adb}</UniqueIdentifier>
    </Filter>
    <Filter Include="Code\Console">
      <UniqueIdentifier>{e6b522aa-75ad-4d1d-ae2e-e175787fdba5}</UniqueIdentifier>
    </Filter>
    <Filter Include="Code\Context">
      <UniqueIdentifier>{3d360cc3-76d6-4955-be00-8146a8686e72}</UniqueIdentifier>
    </Filter>
    <Filter Include="Code\Deferred">
      <UniqueIdentifier>{60004d75-1983-4a33-a3ec-281c712ef8d7}</UniqueIdentifier>
    </Filter>
    <Filter Include="Code\GUI">
      <UniqueIdentifier>{9ffdd4d7-c58f-4753-8b0c-b6b4b4b35bce}</UniqueIdentifier>
    </Filter>
    <Filter Include="Code\Image">
      <UniqueIdentifier>{5bd0e5c8-33df-4392-956c-90bfb5453efb}</UniqueIdentifier>
    </Filter>
    <Filter Include="Code\Light">
      <UniqueIdentifier>{f7bd5cba-2570-4da6-b27a-cbc5a1b6d7f7}</UniqueIdentifier>
    </Filter>
    <Filter Include="Code\Math">
      <UniqueIdentifier>{4ebc677b-7fe6-478c-ae4d-ff81493ceaee}</UniqueIdentifier>
    </Filter>
    <Filter Include="Code\Mesh">
      <UniqueIdentifier>{57d07b15-88ab-4dec-a7fb-2f6dbd750e82}</UniqueIdentifier>
    </Filter>
    <Filter Include="Code\Model">
      <UniqueIdentifier>{8a93bf13-b615-4a3f-b290-fb36b2984127}</UniqueIdentifier>
    </Filter>
    <Filter Include="Code\MotionBlur">
      <UniqueIdentifier>{d93ccf8a-27f0-40a4-b1b2-641bce0d9ec7}</UniqueIdentifier>
    </Filter>
    <Filter Include="Code\Node">
      <UniqueIdentifier>{31e22306-c5d2-4921-ba8f-86c036883dc0}</UniqueIdentifier>
    </Filter>
    <Filter Include="Code\Object">
      <UniqueIdentifier>{164c09a8-7422-437c-baaf-acdcff871ccf}</UniqueIdentifier>
    </Filter>
    <Filter Include="Code\Pipeline">
      <UniqueIdentifier>{09305895-199e-4415-b8e7-aef4015d8fc1}</UniqueIdentifier>
    </Filter>
    <Filter Include="Code\Queue">
      <UniqueIdentifier>{1ba7e23e-37cd-4bcf-834f-41eec162ecb7}</UniqueIdentifier>
    </Filter>
    <Filter Include="Code\Renderer">
      <UniqueIdentifier>{24ef02e3-637a-4d1f-827f-184f0f578d41}</UniqueIdentifier>
    </Filter>
    <Filter Include="Code\Shadows">
      <UniqueIdentifier>{2ed620b9-3794-4f6a-92c9-8e7a2de170b1}</UniqueIdentifier>
    </Filter>
    <Filter Include="Code\Skybox">
      <UniqueIdentifier>{fa07bab4-d33f-44e7-80e4-4a5d0ef41cb0}</UniqueIdentifier>
    </Filter>
    <Filter Include="Code\Window">
      <UniqueIdentifier>{0d4ad2d5-8716-4cbf-8b2d-09ede4b38bfb}</UniqueIdentifier>
    </Filter>
    <Filter Include="Code\SSAO">
      <UniqueIdentifier>{88fdf4ee-d4e0-4832-aadc-897eecb5dc0f}</UniqueIdentifier>
    </Filter>
    <Filter Include="Code\SSR">
      <UniqueIdentifier>{0ddd5f01-f50b-4889-a19b-949a38c6ec41}</UniqueIdentifier>
    </Filter>
    <Filter Include="Code\Surface">
      <UniqueIdentifier>{19940bde-323a-481c-9414-97b5e9d7c04a}</UniqueIdentifier>
    </Filter>
    <Filter Include="Code\Swapchain">
      <UniqueIdentifier>{b7feefc7-c3d2-4d95-b645-20fc805ee63a}</UniqueIdentifier>
    </Filter>
    <Filter Include="Code\Terrain">
      <UniqueIdentifier>{2b06e4f1-0cb8-4ee8-a3d7-7c92bed17031}</UniqueIdentifier>
    </Filter>
    <Filter Include="Code\Timer">
      <UniqueIdentifier>{d272beee-5cc8-4088-8772-3db2042daf80}</UniqueIdentifier>
    </Filter>
    <Filter Include="Code\Vertex">
      <UniqueIdentifier>{f1967fb7-208f-478b-9318-a5defa5ac0ba}</UniqueIdentifier>
    </Filter>
    <Filter Include="Code\VulkanContext">
      <UniqueIdentifier>{95b3c1e6-694e-4b75-b39a-452c99bb5b99}</UniqueIdentifier>
    </Filter>
    <Filter Include="Shaders\Compute">
      <UniqueIdentifier>{fb6a0079-f718-4fa4-9fae-681e32acbfa5}</UniqueIdentifier>
    </Filter>
    <Filter Include="Shaders\Deferred">
      <UniqueIdentifier>{9a6948a0-6012-4b67-8b7a-e7d77fe6a168}</UniqueIdentifier>
    </Filter>
    <Filter Include="Shaders\GUI">
      <UniqueIdentifier>{eadcd61f-0718-45fd-8eda-5840694e734c}</UniqueIdentifier>
    </Filter>
    <Filter Include="Shaders\MotionBlur">
      <UniqueIdentifier>{69023f3c-933b-41e8-bccc-7f3fd33f3dbc}</UniqueIdentifier>
    </Filter>
    <Filter Include="Shaders\Terrain">
      <UniqueIdentifier>{6c46ff52-319a-42e7-84e7-1e0d88448f0a}</UniqueIdentifier>
    </Filter>
    <Filter Include="Shaders\Shadows">
      <UniqueIdentifier>{f760e029-558a-492c-9891-59413013f1cb}</UniqueIdentifier>
    </Filter>
    <Filter Include="Shaders\SSAO">
      <UniqueIdentifier>{cdaf21c9-57e3-4aeb-b055-f3ba5309a371}</UniqueIdentifier>
    </Filter>
    <Filter Include="Shaders\SSR">
      <UniqueIdentifier>{5ba48d8f-b259-4246-a771-c0fa1ab016c3}</UniqueIdentifier>
    </Filter>
    <Filter Include="Code\Material">
      <UniqueIdentifier>{6a5f8731-cf08-4933-9564-202ed73b006b}</UniqueIdentifier>
    </Filter>
    <Filter Include="Code\Metrics">
      <UniqueIdentifier>{258cb5d3-a50f-46b3-84e1-e87a6fd2f915}</UniqueIdentifier>
    </Filter>
    <Filter Include="Code\Script">
      <UniqueIdentifier>{2a274700-667e-4e3b-a38d-ec83ffa8a13d}</UniqueIdentifier>
    </Filter>
    <Filter Include="Shaders\SkyBox">
      <UniqueIdentifier>{bee13345-00eb-4f8d-a682-9be4e28155c9}</UniqueIdentifier>
    </Filter>
    <Filter Include="Code\Event">
      <UniqueIdentifier>{0d0018b5-264c-424d-b0aa-461fa224b07d}</UniqueIdentifier>
    </Filter>
    <Filter Include="Include">
      <UniqueIdentifier>{0516456b-b8c0-4af2-8d00-952fa0c2e7f5}</UniqueIdentifier>
    </Filter>
    <Filter Include="Shaders\Common">
      <UniqueIdentifier>{5d60448e-2b32-4522-a38d-e6bd5a9398b2}</UniqueIdentifier>
    </Filter>
  </ItemGroup>
</Project>